
Microsoft Visual Studio Solution File, Format Version 12.00
# Visual Studio Version 17
VisualStudioVersion = 17.9.34616.47
MinimumVisualStudioVersion = 10.0.40219.1
Project("{FAE04EC0-301F-11D3-BF4B-00C04F79EFBC}") = "DatabaseAPI", "DatabaseAPI\DatabaseAPI.csproj", "{29845EF9-3A2D-4632-B463-1C2F2214C4BF}"
EndProject
Global
	GlobalSection(SolutionConfigurationPlatforms) = preSolution
		Debug|Any CPU = Debug|Any CPU
		Release|Any CPU = Release|Any CPU
	EndGlobalSection
	GlobalSection(ProjectConfigurationPlatforms) = postSolution
		{29845EF9-3A2D-4632-B463-1C2F2214C4BF}.Debug|Any CPU.ActiveCfg = Debug|Any CPU
		{29845EF9-3A2D-4632-B463-1C2F2214C4BF}.Debug|Any CPU.Build.0 = Debug|Any CPU
		{29845EF9-3A2D-4632-B463-1C2F2214C4BF}.Release|Any CPU.ActiveCfg = Release|Any CPU
		{29845EF9-3A2D-4632-B463-1C2F2214C4BF}.Release|Any CPU.Build.0 = Release|Any CPU
	EndGlobalSection
	GlobalSection(SolutionProperties) = preSolution
		HideSolutionNode = FALSE
	EndGlobalSection
	GlobalSection(ExtensibilityGlobals) = postSolution
		SolutionGuid = {37DC9BD7-5779-489F-891C-39DB0B0939D0}
	EndGlobalSection
EndGlobal
